// !$*UTF8*$!
{
	archiveVersion = 1;
	classes = {
	};
	objectVersion = 46;
	objects = {

/* Begin PBXBuildFile section */
		10286CCB1C0D1BCF00BD2B43 /* MCCardView.swift in Sources */ = {isa = PBXBuildFile; fileRef = 10286CCA1C0D1BCF00BD2B43 /* MCCardView.swift */; };
		10286CCC1C0D1BCF00BD2B43 /* MCCardView.swift in Sources */ = {isa = PBXBuildFile; fileRef = 10286CCA1C0D1BCF00BD2B43 /* MCCardView.swift */; };
		10286CCD1C0D1BCF00BD2B43 /* MCCardView.swift in Sources */ = {isa = PBXBuildFile; fileRef = 10286CCA1C0D1BCF00BD2B43 /* MCCardView.swift */; };
		1052A7431C0BACE90085B0C9 /* AppDelegate.swift in Sources */ = {isa = PBXBuildFile; fileRef = 1052A7421C0BACE90085B0C9 /* AppDelegate.swift */; };
		1052A7481C0BACE90085B0C9 /* Main.storyboard in Resources */ = {isa = PBXBuildFile; fileRef = 1052A7461C0BACE90085B0C9 /* Main.storyboard */; };
		1052A74B1C0BACE90085B0C9 /* Morse.xcdatamodeld in Sources */ = {isa = PBXBuildFile; fileRef = 1052A7491C0BACE90085B0C9 /* Morse.xcdatamodeld */; };
		1052A74D1C0BACE90085B0C9 /* Assets.xcassets in Resources */ = {isa = PBXBuildFile; fileRef = 1052A74C1C0BACE90085B0C9 /* Assets.xcassets */; };
		1052A7501C0BACE90085B0C9 /* LaunchScreen.storyboard in Resources */ = {isa = PBXBuildFile; fileRef = 1052A74E1C0BACE90085B0C9 /* LaunchScreen.storyboard */; };
		1052A75B1C0BACEA0085B0C9 /* MorseTests.swift in Sources */ = {isa = PBXBuildFile; fileRef = 1052A75A1C0BACEA0085B0C9 /* MorseTests.swift */; };
		1052A7661C0BACEA0085B0C9 /* MorseUITests.swift in Sources */ = {isa = PBXBuildFile; fileRef = 1052A7651C0BACEA0085B0C9 /* MorseUITests.swift */; };
		1052A7741C0BAED50085B0C9 /* MCTabBarController.swift in Sources */ = {isa = PBXBuildFile; fileRef = 1052A7731C0BAED50085B0C9 /* MCTabBarController.swift */; };
		1052A7751C0BAED50085B0C9 /* MCTabBarController.swift in Sources */ = {isa = PBXBuildFile; fileRef = 1052A7731C0BAED50085B0C9 /* MCTabBarController.swift */; };
		1052A7761C0BAED50085B0C9 /* MCTabBarController.swift in Sources */ = {isa = PBXBuildFile; fileRef = 1052A7731C0BAED50085B0C9 /* MCTabBarController.swift */; };
		1052A77C1C0BB09B0085B0C9 /* MCHomeViewController.swift in Sources */ = {isa = PBXBuildFile; fileRef = 1052A77B1C0BB09B0085B0C9 /* MCHomeViewController.swift */; };
		1052A77D1C0BB09B0085B0C9 /* MCHomeViewController.swift in Sources */ = {isa = PBXBuildFile; fileRef = 1052A77B1C0BB09B0085B0C9 /* MCHomeViewController.swift */; };
		1052A77E1C0BB09B0085B0C9 /* MCHomeViewController.swift in Sources */ = {isa = PBXBuildFile; fileRef = 1052A77B1C0BB09B0085B0C9 /* MCHomeViewController.swift */; };
		107FF6A71C0BC128003EB294 /* Theme.swift in Sources */ = {isa = PBXBuildFile; fileRef = 107FF6A61C0BC128003EB294 /* Theme.swift */; };
		107FF6A81C0BC128003EB294 /* Theme.swift in Sources */ = {isa = PBXBuildFile; fileRef = 107FF6A61C0BC128003EB294 /* Theme.swift */; };
		107FF6A91C0BC128003EB294 /* Theme.swift in Sources */ = {isa = PBXBuildFile; fileRef = 107FF6A61C0BC128003EB294 /* Theme.swift */; };
		107FF6AB1C0BC1FC003EB294 /* MaterialDesign.swift in Sources */ = {isa = PBXBuildFile; fileRef = 107FF6AA1C0BC1FC003EB294 /* MaterialDesign.swift */; };
		107FF6AC1C0BC1FC003EB294 /* MaterialDesign.swift in Sources */ = {isa = PBXBuildFile; fileRef = 107FF6AA1C0BC1FC003EB294 /* MaterialDesign.swift */; };
		107FF6AD1C0BC1FC003EB294 /* MaterialDesign.swift in Sources */ = {isa = PBXBuildFile; fileRef = 107FF6AA1C0BC1FC003EB294 /* MaterialDesign.swift */; };
		107FF6C21C0BE11C003EB294 /* SnapKit.framework in Copy Frameworks */ = {isa = PBXBuildFile; fileRef = 107FF6B81C0BDEC0003EB294 /* SnapKit.framework */; settings = {ATTRIBUTES = (CodeSignOnCopy, RemoveHeadersOnCopy, ); }; };
		107FF6C41C0C223D003EB294 /* Coder.swift in Sources */ = {isa = PBXBuildFile; fileRef = 107FF6C31C0C223D003EB294 /* Coder.swift */; };
		107FF6C51C0C223D003EB294 /* Coder.swift in Sources */ = {isa = PBXBuildFile; fileRef = 107FF6C31C0C223D003EB294 /* Coder.swift */; };
		107FF6C61C0C223D003EB294 /* Coder.swift in Sources */ = {isa = PBXBuildFile; fileRef = 107FF6C31C0C223D003EB294 /* Coder.swift */; };
		10826A181C0D5C4C00902BCC /* General UI.swift in Sources */ = {isa = PBXBuildFile; fileRef = 10826A171C0D5C4C00902BCC /* General UI.swift */; };
		10826A191C0D5C4C00902BCC /* General UI.swift in Sources */ = {isa = PBXBuildFile; fileRef = 10826A171C0D5C4C00902BCC /* General UI.swift */; };
		10826A1A1C0D5C4C00902BCC /* General UI.swift in Sources */ = {isa = PBXBuildFile; fileRef = 10826A171C0D5C4C00902BCC /* General UI.swift */; };
/* End PBXBuildFile section */

/* Begin PBXContainerItemProxy section */
		1052A7571C0BACEA0085B0C9 /* PBXContainerItemProxy */ = {
			isa = PBXContainerItemProxy;
			containerPortal = 1052A7371C0BACE90085B0C9 /* Project object */;
			proxyType = 1;
			remoteGlobalIDString = 1052A73E1C0BACE90085B0C9;
			remoteInfo = Morse;
		};
		1052A7621C0BACEA0085B0C9 /* PBXContainerItemProxy */ = {
			isa = PBXContainerItemProxy;
			containerPortal = 1052A7371C0BACE90085B0C9 /* Project object */;
			proxyType = 1;
			remoteGlobalIDString = 1052A73E1C0BACE90085B0C9;
			remoteInfo = Morse;
		};
		107FF6B71C0BDEC0003EB294 /* PBXContainerItemProxy */ = {
			isa = PBXContainerItemProxy;
			containerPortal = 107FF6B01C0BDEC0003EB294 /* SnapKit.xcodeproj */;
			proxyType = 2;
			remoteGlobalIDString = EEBCC9D819CC627D0083B827;
			remoteInfo = "SnapKit iOS";
		};
		107FF6B91C0BDEC0003EB294 /* PBXContainerItemProxy */ = {
			isa = PBXContainerItemProxy;
			containerPortal = 107FF6B01C0BDEC0003EB294 /* SnapKit.xcodeproj */;
			proxyType = 2;
			remoteGlobalIDString = EECDB37A1AC0C9D4006BBC11;
			remoteInfo = "SnapKit OSX";
		};
		107FF6BB1C0BDEC0003EB294 /* PBXContainerItemProxy */ = {
			isa = PBXContainerItemProxy;
			containerPortal = 107FF6B01C0BDEC0003EB294 /* SnapKit.xcodeproj */;
			proxyType = 2;
			remoteGlobalIDString = EEBCC9E219CC627E0083B827;
			remoteInfo = "SnapKit iOS Tests";
		};
		107FF6BD1C0BDEC0003EB294 /* PBXContainerItemProxy */ = {
			isa = PBXContainerItemProxy;
			containerPortal = 107FF6B01C0BDEC0003EB294 /* SnapKit.xcodeproj */;
			proxyType = 2;
			remoteGlobalIDString = EECDB3841AC0C9D4006BBC11;
			remoteInfo = "SnapKit OSX Tests";
		};
		107FF6BF1C0BE0D2003EB294 /* PBXContainerItemProxy */ = {
			isa = PBXContainerItemProxy;
			containerPortal = 107FF6B01C0BDEC0003EB294 /* SnapKit.xcodeproj */;
			proxyType = 1;
			remoteGlobalIDString = EEBCC9D719CC627D0083B827;
			remoteInfo = "SnapKit iOS";
		};
/* End PBXContainerItemProxy section */

/* Begin PBXCopyFilesBuildPhase section */
		107FF6C11C0BE0F2003EB294 /* Copy Frameworks */ = {
			isa = PBXCopyFilesBuildPhase;
			buildActionMask = 2147483647;
			dstPath = "";
			dstSubfolderSpec = 10;
			files = (
				107FF6C21C0BE11C003EB294 /* SnapKit.framework in Copy Frameworks */,
			);
			name = "Copy Frameworks";
			runOnlyForDeploymentPostprocessing = 0;
		};
/* End PBXCopyFilesBuildPhase section */

/* Begin PBXFileReference section */
		10286CCA1C0D1BCF00BD2B43 /* MCCardView.swift */ = {isa = PBXFileReference; fileEncoding = 4; lastKnownFileType = sourcecode.swift; path = MCCardView.swift; sourceTree = "<group>"; };
		1052A73F1C0BACE90085B0C9 /* Morse.app */ = {isa = PBXFileReference; explicitFileType = wrapper.application; includeInIndex = 0; path = Morse.app; sourceTree = BUILT_PRODUCTS_DIR; };
		1052A7421C0BACE90085B0C9 /* AppDelegate.swift */ = {isa = PBXFileReference; lastKnownFileType = sourcecode.swift; path = AppDelegate.swift; sourceTree = "<group>"; };
		1052A7471C0BACE90085B0C9 /* Base */ = {isa = PBXFileReference; lastKnownFileType = file.storyboard; name = Base; path = Base.lproj/Main.storyboard; sourceTree = "<group>"; };
		1052A74A1C0BACE90085B0C9 /* Morse.xcdatamodel */ = {isa = PBXFileReference; lastKnownFileType = wrapper.xcdatamodel; path = Morse.xcdatamodel; sourceTree = "<group>"; };
		1052A74C1C0BACE90085B0C9 /* Assets.xcassets */ = {isa = PBXFileReference; lastKnownFileType = folder.assetcatalog; path = Assets.xcassets; sourceTree = "<group>"; };
		1052A74F1C0BACE90085B0C9 /* Base */ = {isa = PBXFileReference; lastKnownFileType = file.storyboard; name = Base; path = Base.lproj/LaunchScreen.storyboard; sourceTree = "<group>"; };
		1052A7511C0BACE90085B0C9 /* Info.plist */ = {isa = PBXFileReference; lastKnownFileType = text.plist.xml; path = Info.plist; sourceTree = "<group>"; };
		1052A7561C0BACEA0085B0C9 /* MorseTests.xctest */ = {isa = PBXFileReference; explicitFileType = wrapper.cfbundle; includeInIndex = 0; path = MorseTests.xctest; sourceTree = BUILT_PRODUCTS_DIR; };
		1052A75A1C0BACEA0085B0C9 /* MorseTests.swift */ = {isa = PBXFileReference; lastKnownFileType = sourcecode.swift; path = MorseTests.swift; sourceTree = "<group>"; };
		1052A75C1C0BACEA0085B0C9 /* Info.plist */ = {isa = PBXFileReference; lastKnownFileType = text.plist.xml; path = Info.plist; sourceTree = "<group>"; };
		1052A7611C0BACEA0085B0C9 /* MorseUITests.xctest */ = {isa = PBXFileReference; explicitFileType = wrapper.cfbundle; includeInIndex = 0; path = MorseUITests.xctest; sourceTree = BUILT_PRODUCTS_DIR; };
		1052A7651C0BACEA0085B0C9 /* MorseUITests.swift */ = {isa = PBXFileReference; lastKnownFileType = sourcecode.swift; path = MorseUITests.swift; sourceTree = "<group>"; };
		1052A7671C0BACEA0085B0C9 /* Info.plist */ = {isa = PBXFileReference; lastKnownFileType = text.plist.xml; path = Info.plist; sourceTree = "<group>"; };
		1052A7731C0BAED50085B0C9 /* MCTabBarController.swift */ = {isa = PBXFileReference; fileEncoding = 4; lastKnownFileType = sourcecode.swift; path = MCTabBarController.swift; sourceTree = "<group>"; };
		1052A77B1C0BB09B0085B0C9 /* MCHomeViewController.swift */ = {isa = PBXFileReference; fileEncoding = 4; lastKnownFileType = sourcecode.swift; path = MCHomeViewController.swift; sourceTree = "<group>"; };
		107FF6A61C0BC128003EB294 /* Theme.swift */ = {isa = PBXFileReference; fileEncoding = 4; lastKnownFileType = sourcecode.swift; path = Theme.swift; sourceTree = "<group>"; };
		107FF6AA1C0BC1FC003EB294 /* MaterialDesign.swift */ = {isa = PBXFileReference; fileEncoding = 4; lastKnownFileType = sourcecode.swift; path = MaterialDesign.swift; sourceTree = "<group>"; };
		107FF6B01C0BDEC0003EB294 /* SnapKit.xcodeproj */ = {isa = PBXFileReference; lastKnownFileType = "wrapper.pb-project"; name = SnapKit.xcodeproj; path = SnapKit/SnapKit.xcodeproj; sourceTree = "<group>"; };
		107FF6C31C0C223D003EB294 /* Coder.swift */ = {isa = PBXFileReference; fileEncoding = 4; lastKnownFileType = sourcecode.swift; path = Coder.swift; sourceTree = "<group>"; };
		10826A171C0D5C4C00902BCC /* General UI.swift */ = {isa = PBXFileReference; fileEncoding = 4; lastKnownFileType = sourcecode.swift; path = "General UI.swift"; sourceTree = "<group>"; };
/* End PBXFileReference section */

/* Begin PBXFrameworksBuildPhase section */
		1052A73C1C0BACE90085B0C9 /* Frameworks */ = {
			isa = PBXFrameworksBuildPhase;
			buildActionMask = 2147483647;
			files = (
			);
			runOnlyForDeploymentPostprocessing = 0;
		};
		1052A7531C0BACEA0085B0C9 /* Frameworks */ = {
			isa = PBXFrameworksBuildPhase;
			buildActionMask = 2147483647;
			files = (
			);
			runOnlyForDeploymentPostprocessing = 0;
		};
		1052A75E1C0BACEA0085B0C9 /* Frameworks */ = {
			isa = PBXFrameworksBuildPhase;
			buildActionMask = 2147483647;
			files = (
			);
			runOnlyForDeploymentPostprocessing = 0;
		};
/* End PBXFrameworksBuildPhase section */

/* Begin PBXGroup section */
		10286CD11C0D1BD800BD2B43 /* Views */ = {
			isa = PBXGroup;
			children = (
				10286CCA1C0D1BCF00BD2B43 /* MCCardView.swift */,
			);
			name = Views;
			sourceTree = "<group>";
		};
		1052A7361C0BACE90085B0C9 = {
			isa = PBXGroup;
			children = (
				1052A7411C0BACE90085B0C9 /* Morse */,
				1052A7591C0BACEA0085B0C9 /* MorseTests */,
				1052A7641C0BACEA0085B0C9 /* MorseUITests */,
				1052A7401C0BACE90085B0C9 /* Products */,
				107FF6B01C0BDEC0003EB294 /* SnapKit.xcodeproj */,
			);
			sourceTree = "<group>";
		};
		1052A7401C0BACE90085B0C9 /* Products */ = {
			isa = PBXGroup;
			children = (
				1052A73F1C0BACE90085B0C9 /* Morse.app */,
				1052A7561C0BACEA0085B0C9 /* MorseTests.xctest */,
				1052A7611C0BACEA0085B0C9 /* MorseUITests.xctest */,
			);
			name = Products;
			sourceTree = "<group>";
		};
		1052A7411C0BACE90085B0C9 /* Morse */ = {
			isa = PBXGroup;
			children = (
				1052A7421C0BACE90085B0C9 /* AppDelegate.swift */,
				107FF6AF1C0BDD1F003EB294 /* View Controllers */,
				10286CD11C0D1BD800BD2B43 /* Views */,
				107FF6C71C0C2246003EB294 /* Model */,
				107FF6AE1C0BC20B003EB294 /* UI */,
				1052A7461C0BACE90085B0C9 /* Main.storyboard */,
				1052A74C1C0BACE90085B0C9 /* Assets.xcassets */,
				1052A74E1C0BACE90085B0C9 /* LaunchScreen.storyboard */,
				1052A7511C0BACE90085B0C9 /* Info.plist */,
				1052A7491C0BACE90085B0C9 /* Morse.xcdatamodeld */,
			);
			path = Morse;
			sourceTree = "<group>";
		};
		1052A7591C0BACEA0085B0C9 /* MorseTests */ = {
			isa = PBXGroup;
			children = (
				1052A75A1C0BACEA0085B0C9 /* MorseTests.swift */,
				1052A75C1C0BACEA0085B0C9 /* Info.plist */,
			);
			path = MorseTests;
			sourceTree = "<group>";
		};
		1052A7641C0BACEA0085B0C9 /* MorseUITests */ = {
			isa = PBXGroup;
			children = (
				1052A7651C0BACEA0085B0C9 /* MorseUITests.swift */,
				1052A7671C0BACEA0085B0C9 /* Info.plist */,
			);
			path = MorseUITests;
			sourceTree = "<group>";
		};
		107FF6AE1C0BC20B003EB294 /* UI */ = {
			isa = PBXGroup;
			children = (
				107FF6A61C0BC128003EB294 /* Theme.swift */,
				10826A171C0D5C4C00902BCC /* General UI.swift */,
				107FF6AA1C0BC1FC003EB294 /* MaterialDesign.swift */,
			);
			name = UI;
			sourceTree = "<group>";
		};
		107FF6AF1C0BDD1F003EB294 /* View Controllers */ = {
			isa = PBXGroup;
			children = (
				1052A7731C0BAED50085B0C9 /* MCTabBarController.swift */,
				1052A77B1C0BB09B0085B0C9 /* MCHomeViewController.swift */,
			);
			name = "View Controllers";
			sourceTree = "<group>";
		};
		107FF6B11C0BDEC0003EB294 /* Products */ = {
			isa = PBXGroup;
			children = (
				107FF6B81C0BDEC0003EB294 /* SnapKit.framework */,
				107FF6BA1C0BDEC0003EB294 /* SnapKit.framework */,
				107FF6BC1C0BDEC0003EB294 /* SnapKit iOS Tests.xctest */,
				107FF6BE1C0BDEC0003EB294 /* SnapKit OSX Tests.xctest */,
			);
			name = Products;
			sourceTree = "<group>";
		};
		107FF6C71C0C2246003EB294 /* Model */ = {
			isa = PBXGroup;
			children = (
				107FF6C31C0C223D003EB294 /* Coder.swift */,
			);
			name = Model;
			sourceTree = "<group>";
		};
/* End PBXGroup section */

/* Begin PBXNativeTarget section */
		1052A73E1C0BACE90085B0C9 /* Morse */ = {
			isa = PBXNativeTarget;
			buildConfigurationList = 1052A76A1C0BACEA0085B0C9 /* Build configuration list for PBXNativeTarget "Morse" */;
			buildPhases = (
				1052A73B1C0BACE90085B0C9 /* Sources */,
				1052A73C1C0BACE90085B0C9 /* Frameworks */,
				1052A73D1C0BACE90085B0C9 /* Resources */,
				107FF6C11C0BE0F2003EB294 /* Copy Frameworks */,
			);
			buildRules = (
			);
			dependencies = (
				107FF6C01C0BE0D2003EB294 /* PBXTargetDependency */,
			);
			name = Morse;
			productName = Morse;
			productReference = 1052A73F1C0BACE90085B0C9 /* Morse.app */;
			productType = "com.apple.product-type.application";
		};
		1052A7551C0BACEA0085B0C9 /* MorseTests */ = {
			isa = PBXNativeTarget;
			buildConfigurationList = 1052A76D1C0BACEA0085B0C9 /* Build configuration list for PBXNativeTarget "MorseTests" */;
			buildPhases = (
				1052A7521C0BACEA0085B0C9 /* Sources */,
				1052A7531C0BACEA0085B0C9 /* Frameworks */,
				1052A7541C0BACEA0085B0C9 /* Resources */,
			);
			buildRules = (
			);
			dependencies = (
				1052A7581C0BACEA0085B0C9 /* PBXTargetDependency */,
			);
			name = MorseTests;
			productName = MorseTests;
			productReference = 1052A7561C0BACEA0085B0C9 /* MorseTests.xctest */;
			productType = "com.apple.product-type.bundle.unit-test";
		};
		1052A7601C0BACEA0085B0C9 /* MorseUITests */ = {
			isa = PBXNativeTarget;
			buildConfigurationList = 1052A7701C0BACEA0085B0C9 /* Build configuration list for PBXNativeTarget "MorseUITests" */;
			buildPhases = (
				1052A75D1C0BACEA0085B0C9 /* Sources */,
				1052A75E1C0BACEA0085B0C9 /* Frameworks */,
				1052A75F1C0BACEA0085B0C9 /* Resources */,
			);
			buildRules = (
			);
			dependencies = (
				1052A7631C0BACEA0085B0C9 /* PBXTargetDependency */,
			);
			name = MorseUITests;
			productName = MorseUITests;
			productReference = 1052A7611C0BACEA0085B0C9 /* MorseUITests.xctest */;
			productType = "com.apple.product-type.bundle.ui-testing";
		};
/* End PBXNativeTarget section */

/* Begin PBXProject section */
		1052A7371C0BACE90085B0C9 /* Project object */ = {
			isa = PBXProject;
			attributes = {
				LastSwiftUpdateCheck = 0710;
				LastUpgradeCheck = 0710;
				ORGANIZATIONNAME = "Shuyang Sun";
				TargetAttributes = {
					1052A73E1C0BACE90085B0C9 = {
						CreatedOnToolsVersion = 7.1.1;
					};
					1052A7551C0BACEA0085B0C9 = {
						CreatedOnToolsVersion = 7.1.1;
						TestTargetID = 1052A73E1C0BACE90085B0C9;
					};
					1052A7601C0BACEA0085B0C9 = {
						CreatedOnToolsVersion = 7.1.1;
						TestTargetID = 1052A73E1C0BACE90085B0C9;
					};
				};
			};
			buildConfigurationList = 1052A73A1C0BACE90085B0C9 /* Build configuration list for PBXProject "Morse" */;
			compatibilityVersion = "Xcode 3.2";
			developmentRegion = English;
			hasScannedForEncodings = 0;
			knownRegions = (
				en,
				Base,
			);
			mainGroup = 1052A7361C0BACE90085B0C9;
			productRefGroup = 1052A7401C0BACE90085B0C9 /* Products */;
			projectDirPath = "";
			projectReferences = (
				{
					ProductGroup = 107FF6B11C0BDEC0003EB294 /* Products */;
					ProjectRef = 107FF6B01C0BDEC0003EB294 /* SnapKit.xcodeproj */;
				},
			);
			projectRoot = "";
			targets = (
				1052A73E1C0BACE90085B0C9 /* Morse */,
				1052A7551C0BACEA0085B0C9 /* MorseTests */,
				1052A7601C0BACEA0085B0C9 /* MorseUITests */,
			);
		};
/* End PBXProject section */

/* Begin PBXReferenceProxy section */
		107FF6B81C0BDEC0003EB294 /* SnapKit.framework */ = {
			isa = PBXReferenceProxy;
			fileType = wrapper.framework;
			path = SnapKit.framework;
			remoteRef = 107FF6B71C0BDEC0003EB294 /* PBXContainerItemProxy */;
			sourceTree = BUILT_PRODUCTS_DIR;
		};
		107FF6BA1C0BDEC0003EB294 /* SnapKit.framework */ = {
			isa = PBXReferenceProxy;
			fileType = wrapper.framework;
			path = SnapKit.framework;
			remoteRef = 107FF6B91C0BDEC0003EB294 /* PBXContainerItemProxy */;
			sourceTree = BUILT_PRODUCTS_DIR;
		};
		107FF6BC1C0BDEC0003EB294 /* SnapKit iOS Tests.xctest */ = {
			isa = PBXReferenceProxy;
			fileType = wrapper.cfbundle;
			path = "SnapKit iOS Tests.xctest";
			remoteRef = 107FF6BB1C0BDEC0003EB294 /* PBXContainerItemProxy */;
			sourceTree = BUILT_PRODUCTS_DIR;
		};
		107FF6BE1C0BDEC0003EB294 /* SnapKit OSX Tests.xctest */ = {
			isa = PBXReferenceProxy;
			fileType = wrapper.cfbundle;
			path = "SnapKit OSX Tests.xctest";
			remoteRef = 107FF6BD1C0BDEC0003EB294 /* PBXContainerItemProxy */;
			sourceTree = BUILT_PRODUCTS_DIR;
		};
/* End PBXReferenceProxy section */

/* Begin PBXResourcesBuildPhase section */
		1052A73D1C0BACE90085B0C9 /* Resources */ = {
			isa = PBXResourcesBuildPhase;
			buildActionMask = 2147483647;
			files = (
				1052A7501C0BACE90085B0C9 /* LaunchScreen.storyboard in Resources */,
				1052A74D1C0BACE90085B0C9 /* Assets.xcassets in Resources */,
				1052A7481C0BACE90085B0C9 /* Main.storyboard in Resources */,
			);
			runOnlyForDeploymentPostprocessing = 0;
		};
		1052A7541C0BACEA0085B0C9 /* Resources */ = {
			isa = PBXResourcesBuildPhase;
			buildActionMask = 2147483647;
			files = (
			);
			runOnlyForDeploymentPostprocessing = 0;
		};
		1052A75F1C0BACEA0085B0C9 /* Resources */ = {
			isa = PBXResourcesBuildPhase;
			buildActionMask = 2147483647;
			files = (
			);
			runOnlyForDeploymentPostprocessing = 0;
		};
/* End PBXResourcesBuildPhase section */

/* Begin PBXSourcesBuildPhase section */
		1052A73B1C0BACE90085B0C9 /* Sources */ = {
			isa = PBXSourcesBuildPhase;
			buildActionMask = 2147483647;
			files = (
				10286CCB1C0D1BCF00BD2B43 /* MCCardView.swift in Sources */,
				10826A181C0D5C4C00902BCC /* General UI.swift in Sources */,
				107FF6C41C0C223D003EB294 /* Coder.swift in Sources */,
				1052A7741C0BAED50085B0C9 /* MCTabBarController.swift in Sources */,
				1052A77C1C0BB09B0085B0C9 /* MCHomeViewController.swift in Sources */,
				107FF6AB1C0BC1FC003EB294 /* MaterialDesign.swift in Sources */,
				107FF6A71C0BC128003EB294 /* Theme.swift in Sources */,
				1052A74B1C0BACE90085B0C9 /* Morse.xcdatamodeld in Sources */,
				1052A7431C0BACE90085B0C9 /* AppDelegate.swift in Sources */,
			);
			runOnlyForDeploymentPostprocessing = 0;
		};
		1052A7521C0BACEA0085B0C9 /* Sources */ = {
			isa = PBXSourcesBuildPhase;
			buildActionMask = 2147483647;
			files = (
				1052A77D1C0BB09B0085B0C9 /* MCHomeViewController.swift in Sources */,
				10286CCC1C0D1BCF00BD2B43 /* MCCardView.swift in Sources */,
				107FF6C51C0C223D003EB294 /* Coder.swift in Sources */,
				107FF6A81C0BC128003EB294 /* Theme.swift in Sources */,
				1052A7751C0BAED50085B0C9 /* MCTabBarController.swift in Sources */,
				1052A75B1C0BACEA0085B0C9 /* MorseTests.swift in Sources */,
				107FF6AC1C0BC1FC003EB294 /* MaterialDesign.swift in Sources */,
				10826A191C0D5C4C00902BCC /* General UI.swift in Sources */,
			);
			runOnlyForDeploymentPostprocessing = 0;
		};
		1052A75D1C0BACEA0085B0C9 /* Sources */ = {
			isa = PBXSourcesBuildPhase;
			buildActionMask = 2147483647;
			files = (
				1052A77E1C0BB09B0085B0C9 /* MCHomeViewController.swift in Sources */,
				10286CCD1C0D1BCF00BD2B43 /* MCCardView.swift in Sources */,
				107FF6C61C0C223D003EB294 /* Coder.swift in Sources */,
				107FF6A91C0BC128003EB294 /* Theme.swift in Sources */,
				1052A7761C0BAED50085B0C9 /* MCTabBarController.swift in Sources */,
				1052A7661C0BACEA0085B0C9 /* MorseUITests.swift in Sources */,
				107FF6AD1C0BC1FC003EB294 /* MaterialDesign.swift in Sources */,
				10826A1A1C0D5C4C00902BCC /* General UI.swift in Sources */,
			);
			runOnlyForDeploymentPostprocessing = 0;
		};
/* End PBXSourcesBuildPhase section */

/* Begin PBXTargetDependency section */
		1052A7581C0BACEA0085B0C9 /* PBXTargetDependency */ = {
			isa = PBXTargetDependency;
			target = 1052A73E1C0BACE90085B0C9 /* Morse */;
			targetProxy = 1052A7571C0BACEA0085B0C9 /* PBXContainerItemProxy */;
		};
		1052A7631C0BACEA0085B0C9 /* PBXTargetDependency */ = {
			isa = PBXTargetDependency;
			target = 1052A73E1C0BACE90085B0C9 /* Morse */;
			targetProxy = 1052A7621C0BACEA0085B0C9 /* PBXContainerItemProxy */;
		};
		107FF6C01C0BE0D2003EB294 /* PBXTargetDependency */ = {
			isa = PBXTargetDependency;
			name = "SnapKit iOS";
			targetProxy = 107FF6BF1C0BE0D2003EB294 /* PBXContainerItemProxy */;
		};
/* End PBXTargetDependency section */

/* Begin PBXVariantGroup section */
		1052A7461C0BACE90085B0C9 /* Main.storyboard */ = {
			isa = PBXVariantGroup;
			children = (
				1052A7471C0BACE90085B0C9 /* Base */,
			);
			name = Main.storyboard;
			sourceTree = "<group>";
		};
		1052A74E1C0BACE90085B0C9 /* LaunchScreen.storyboard */ = {
			isa = PBXVariantGroup;
			children = (
				1052A74F1C0BACE90085B0C9 /* Base */,
			);
			name = LaunchScreen.storyboard;
			sourceTree = "<group>";
		};
/* End PBXVariantGroup section */

/* Begin XCBuildConfiguration section */
		1052A7681C0BACEA0085B0C9 /* Debug */ = {
			isa = XCBuildConfiguration;
			buildSettings = {
				ALWAYS_SEARCH_USER_PATHS = NO;
				CLANG_CXX_LANGUAGE_STANDARD = "gnu++0x";
				CLANG_CXX_LIBRARY = "libc++";
				CLANG_ENABLE_MODULES = YES;
				CLANG_ENABLE_OBJC_ARC = YES;
				CLANG_WARN_BOOL_CONVERSION = YES;
				CLANG_WARN_CONSTANT_CONVERSION = YES;
				CLANG_WARN_DIRECT_OBJC_ISA_USAGE = YES_ERROR;
				CLANG_WARN_EMPTY_BODY = YES;
				CLANG_WARN_ENUM_CONVERSION = YES;
				CLANG_WARN_INT_CONVERSION = YES;
				CLANG_WARN_OBJC_ROOT_CLASS = YES_ERROR;
				CLANG_WARN_UNREACHABLE_CODE = YES;
				CLANG_WARN__DUPLICATE_METHOD_MATCH = YES;
				"CODE_SIGN_IDENTITY[sdk=iphoneos*]" = "iPhone Developer";
				COPY_PHASE_STRIP = NO;
				DEBUG_INFORMATION_FORMAT = dwarf;
				ENABLE_STRICT_OBJC_MSGSEND = YES;
				ENABLE_TESTABILITY = YES;
				GCC_C_LANGUAGE_STANDARD = gnu99;
				GCC_DYNAMIC_NO_PIC = NO;
				GCC_NO_COMMON_BLOCKS = YES;
				GCC_OPTIMIZATION_LEVEL = 0;
				GCC_PREPROCESSOR_DEFINITIONS = (
					"DEBUG=1",
					"$(inherited)",
				);
				GCC_WARN_64_TO_32_BIT_CONVERSION = YES;
				GCC_WARN_ABOUT_RETURN_TYPE = YES_ERROR;
				GCC_WARN_UNDECLARED_SELECTOR = YES;
				GCC_WARN_UNINITIALIZED_AUTOS = YES_AGGRESSIVE;
				GCC_WARN_UNUSED_FUNCTION = YES;
				GCC_WARN_UNUSED_VARIABLE = YES;
				IPHONEOS_DEPLOYMENT_TARGET = 9.1;
				MTL_ENABLE_DEBUG_INFO = YES;
				ONLY_ACTIVE_ARCH = YES;
				SDKROOT = iphoneos;
				SWIFT_OPTIMIZATION_LEVEL = "-Onone";
				TARGETED_DEVICE_FAMILY = "1,2";
			};
			name = Debug;
		};
		1052A7691C0BACEA0085B0C9 /* Release */ = {
			isa = XCBuildConfiguration;
			buildSettings = {
				ALWAYS_SEARCH_USER_PATHS = NO;
				CLANG_CXX_LANGUAGE_STANDARD = "gnu++0x";
				CLANG_CXX_LIBRARY = "libc++";
				CLANG_ENABLE_MODULES = YES;
				CLANG_ENABLE_OBJC_ARC = YES;
				CLANG_WARN_BOOL_CONVERSION = YES;
				CLANG_WARN_CONSTANT_CONVERSION = YES;
				CLANG_WARN_DIRECT_OBJC_ISA_USAGE = YES_ERROR;
				CLANG_WARN_EMPTY_BODY = YES;
				CLANG_WARN_ENUM_CONVERSION = YES;
				CLANG_WARN_INT_CONVERSION = YES;
				CLANG_WARN_OBJC_ROOT_CLASS = YES_ERROR;
				CLANG_WARN_UNREACHABLE_CODE = YES;
				CLANG_WARN__DUPLICATE_METHOD_MATCH = YES;
				"CODE_SIGN_IDENTITY[sdk=iphoneos*]" = "iPhone Developer";
				COPY_PHASE_STRIP = NO;
				DEBUG_INFORMATION_FORMAT = "dwarf-with-dsym";
				ENABLE_NS_ASSERTIONS = NO;
				ENABLE_STRICT_OBJC_MSGSEND = YES;
				GCC_C_LANGUAGE_STANDARD = gnu99;
				GCC_NO_COMMON_BLOCKS = YES;
				GCC_WARN_64_TO_32_BIT_CONVERSION = YES;
				GCC_WARN_ABOUT_RETURN_TYPE = YES_ERROR;
				GCC_WARN_UNDECLARED_SELECTOR = YES;
				GCC_WARN_UNINITIALIZED_AUTOS = YES_AGGRESSIVE;
				GCC_WARN_UNUSED_FUNCTION = YES;
				GCC_WARN_UNUSED_VARIABLE = YES;
				IPHONEOS_DEPLOYMENT_TARGET = 9.1;
				MTL_ENABLE_DEBUG_INFO = NO;
				SDKROOT = iphoneos;
				TARGETED_DEVICE_FAMILY = "1,2";
				VALIDATE_PRODUCT = YES;
			};
			name = Release;
		};
		1052A76B1C0BACEA0085B0C9 /* Debug */ = {
			isa = XCBuildConfiguration;
			buildSettings = {
				ASSETCATALOG_COMPILER_APPICON_NAME = AppIcon;
				INFOPLIST_FILE = Morse/Info.plist;
				IPHONEOS_DEPLOYMENT_TARGET = 9.1;
				LD_RUNPATH_SEARCH_PATHS = "$(inherited) @executable_path/Frameworks";
				"OTHER_SWIFT_FLAGS[arch=*]" = "-DDEBUG";
				PRODUCT_BUNDLE_IDENTIFIER = shuyangsun.Morse;
				PRODUCT_NAME = "$(TARGET_NAME)";
			};
			name = Debug;
		};
		1052A76C1C0BACEA0085B0C9 /* Release */ = {
			isa = XCBuildConfiguration;
			buildSettings = {
				ASSETCATALOG_COMPILER_APPICON_NAME = AppIcon;
				INFOPLIST_FILE = Morse/Info.plist;
				IPHONEOS_DEPLOYMENT_TARGET = 9.1;
				LD_RUNPATH_SEARCH_PATHS = "$(inherited) @executable_path/Frameworks";
				PRODUCT_BUNDLE_IDENTIFIER = shuyangsun.Morse;
				PRODUCT_NAME = "$(TARGET_NAME)";
			};
			name = Release;
		};
		1052A76E1C0BACEA0085B0C9 /* Debug */ = {
			isa = XCBuildConfiguration;
			buildSettings = {
				BUNDLE_LOADER = "$(TEST_HOST)";
				INFOPLIST_FILE = MorseTests/Info.plist;
				LD_RUNPATH_SEARCH_PATHS = "$(inherited) @executable_path/Frameworks @loader_path/Frameworks";
				PRODUCT_BUNDLE_IDENTIFIER = shuyangsun.MorseTests;
				PRODUCT_NAME = "$(TARGET_NAME)";
				TEST_HOST = "$(BUILT_PRODUCTS_DIR)/Morse.app/Morse";
			};
			name = Debug;
		};
		1052A76F1C0BACEA0085B0C9 /* Release */ = {
			isa = XCBuildConfiguration;
			buildSettings = {
				BUNDLE_LOADER = "$(TEST_HOST)";
				INFOPLIST_FILE = MorseTests/Info.plist;
				LD_RUNPATH_SEARCH_PATHS = "$(inherited) @executable_path/Frameworks @loader_path/Frameworks";
				PRODUCT_BUNDLE_IDENTIFIER = shuyangsun.MorseTests;
				PRODUCT_NAME = "$(TARGET_NAME)";
				TEST_HOST = "$(BUILT_PRODUCTS_DIR)/Morse.app/Morse";
			};
			name = Release;
		};
		1052A7711C0BACEA0085B0C9 /* Debug */ = {
			isa = XCBuildConfiguration;
			buildSettings = {
				INFOPLIST_FILE = MorseUITests/Info.plist;
				LD_RUNPATH_SEARCH_PATHS = "$(inherited) @executable_path/Frameworks @loader_path/Frameworks";
				PRODUCT_BUNDLE_IDENTIFIER = shuyangsun.MorseUITests;
				PRODUCT_NAME = "$(TARGET_NAME)";
				TEST_TARGET_NAME = Morse;
				USES_XCTRUNNER = YES;
			};
			name = Debug;
		};
		1052A7721C0BACEA0085B0C9 /* Release */ = {
			isa = XCBuildConfiguration;
			buildSettings = {
				INFOPLIST_FILE = MorseUITests/Info.plist;
				LD_RUNPATH_SEARCH_PATHS = "$(inherited) @executable_path/Frameworks @loader_path/Frameworks";
				PRODUCT_BUNDLE_IDENTIFIER = shuyangsun.MorseUITests;
				PRODUCT_NAME = "$(TARGET_NAME)";
				TEST_TARGET_NAME = Morse;
				USES_XCTRUNNER = YES;
			};
			name = Release;
		};
/* End XCBuildConfiguration section */

/* Begin XCConfigurationList section */
		1052A73A1C0BACE90085B0C9 /* Build configuration list for PBXProject "Morse" */ = {
			isa = XCConfigurationList;
			buildConfigurations = (
				1052A7681C0BACEA0085B0C9 /* Debug */,
				1052A7691C0BACEA0085B0C9 /* Release */,
			);
			defaultConfigurationIsVisible = 0;
			defaultConfigurationName = Release;
		};
		1052A76A1C0BACEA0085B0C9 /* Build configuration list for PBXNativeTarget "Morse" */ = {
			isa = XCConfigurationList;
			buildConfigurations = (
				1052A76B1C0BACEA0085B0C9 /* Debug */,
				1052A76C1C0BACEA0085B0C9 /* Release */,
			);
			defaultConfigurationIsVisible = 0;
			defaultConfigurationName = Release;
		};
		1052A76D1C0BACEA0085B0C9 /* Build configuration list for PBXNativeTarget "MorseTests" */ = {
			isa = XCConfigurationList;
			buildConfigurations = (
				1052A76E1C0BACEA0085B0C9 /* Debug */,
				1052A76F1C0BACEA0085B0C9 /* Release */,
			);
			defaultConfigurationIsVisible = 0;
			defaultConfigurationName = Release;
		};
		1052A7701C0BACEA0085B0C9 /* Build configuration list for PBXNativeTarget "MorseUITests" */ = {
			isa = XCConfigurationList;
			buildConfigurations = (
				1052A7711C0BACEA0085B0C9 /* Debug */,
				1052A7721C0BACEA0085B0C9 /* Release */,
			);
			defaultConfigurationIsVisible = 0;
			defaultConfigurationName = Release;
		};
/* End XCConfigurationList section */

/* Begin XCVersionGroup section */
		1052A7491C0BACE90085B0C9 /* Morse.xcdatamodeld */ = {
			isa = XCVersionGroup;
			children = (
				1052A74A1C0BACE90085B0C9 /* Morse.xcdatamodel */,
			);
			currentVersion = 1052A74A1C0BACE90085B0C9 /* Morse.xcdatamodel */;
			path = Morse.xcdatamodeld;
			sourceTree = "<group>";
			versionGroupType = wrapper.xcdatamodel;
		};
/* End XCVersionGroup section */
	};
	rootObject = 1052A7371C0BACE90085B0C9 /* Project object */;
}
